// !$*UTF8*$!
{
	archiveVersion = 1;
	classes = {
	};
	objectVersion = 55;
	objects = {

/* Begin PBXBuildFile section */
		E811282B2802DD9E002D18F8 /* ErrorMessage.swift in Sources */ = {isa = PBXBuildFile; fileRef = E811282A2802DD9E002D18F8 /* ErrorMessage.swift */; };
		E8A4C3E727DB571200469867 /* PlaySafeDemoApp.swift in Sources */ = {isa = PBXBuildFile; fileRef = E8A4C3E627DB571200469867 /* PlaySafeDemoApp.swift */; };
		E8A4C3E927DB571200469867 /* LoginView.swift in Sources */ = {isa = PBXBuildFile; fileRef = E8A4C3E827DB571200469867 /* LoginView.swift */; };
		E8A4C3EB27DB571300469867 /* Assets.xcassets in Resources */ = {isa = PBXBuildFile; fileRef = E8A4C3EA27DB571300469867 /* Assets.xcassets */; };
		E8A4C3EE27DB571300469867 /* Preview Assets.xcassets in Resources */ = {isa = PBXBuildFile; fileRef = E8A4C3ED27DB571300469867 /* Preview Assets.xcassets */; };
		E8A4C3F527DC94F100469867 /* RegisterAcccountView.swift in Sources */ = {isa = PBXBuildFile; fileRef = E8A4C3F427DC94F100469867 /* RegisterAcccountView.swift */; };
		E8A4C3F727DC9CFA00469867 /* Keys.swift in Sources */ = {isa = PBXBuildFile; fileRef = E8A4C3F627DC9CFA00469867 /* Keys.swift */; };
		E8A4C3F927DC9F7900469867 /* MediaCatalogueCellView.swift in Sources */ = {isa = PBXBuildFile; fileRef = E8A4C3F827DC9F7900469867 /* MediaCatalogueCellView.swift */; };
		E8A4C3FD27DCC10400469867 /* User.swift in Sources */ = {isa = PBXBuildFile; fileRef = E8A4C3FC27DCC10400469867 /* User.swift */; };
		E8A4C3FF27DCC21F00469867 /* MediaContent.swift in Sources */ = {isa = PBXBuildFile; fileRef = E8A4C3FE27DCC21F00469867 /* MediaContent.swift */; };
		E8A4C40227DCC4E200469867 /* NetworkRequestService.swift in Sources */ = {isa = PBXBuildFile; fileRef = E8A4C40127DCC4E200469867 /* NetworkRequestService.swift */; };
		E8A4C40427DCE3E800469867 /* AuthService.swift in Sources */ = {isa = PBXBuildFile; fileRef = E8A4C40327DCE3E800469867 /* AuthService.swift */; };
		E8A4C40627DCED8500469867 /* NetworkRequestErrors.swift in Sources */ = {isa = PBXBuildFile; fileRef = E8A4C40527DCED8500469867 /* NetworkRequestErrors.swift */; };
		E8A4C40927DD020E00469867 /* LoginViewModel.swift in Sources */ = {isa = PBXBuildFile; fileRef = E8A4C40827DD020E00469867 /* LoginViewModel.swift */; };
		E8A4C40E27DD152700469867 /* HomeView.swift in Sources */ = {isa = PBXBuildFile; fileRef = E8A4C40D27DD152700469867 /* HomeView.swift */; };
		E8A4C41027DD200200469867 /* RegisterAccountViewModel.swift in Sources */ = {isa = PBXBuildFile; fileRef = E8A4C40F27DD200200469867 /* RegisterAccountViewModel.swift */; };
		E8A4C41227DD236E00469867 /* RequestBody.swift in Sources */ = {isa = PBXBuildFile; fileRef = E8A4C41127DD236E00469867 /* RequestBody.swift */; };
		E8A4C41527DD276900469867 /* Logging.swift in Sources */ = {isa = PBXBuildFile; fileRef = E8A4C41427DD276900469867 /* Logging.swift */; };
		E8A4C41727DDD85D00469867 /* HomeViewModel.swift in Sources */ = {isa = PBXBuildFile; fileRef = E8A4C41627DDD85D00469867 /* HomeViewModel.swift */; };
/* End PBXBuildFile section */

/* Begin PBXFileReference section */
		E811282A2802DD9E002D18F8 /* ErrorMessage.swift */ = {isa = PBXFileReference; lastKnownFileType = sourcecode.swift; path = ErrorMessage.swift; sourceTree = "<group>"; };
		E8A4C3E327DB571200469867 /* PlaySafeDemo.app */ = {isa = PBXFileReference; explicitFileType = wrapper.application; includeInIndex = 0; path = PlaySafeDemo.app; sourceTree = BUILT_PRODUCTS_DIR; };
		E8A4C3E627DB571200469867 /* PlaySafeDemoApp.swift */ = {isa = PBXFileReference; lastKnownFileType = sourcecode.swift; path = PlaySafeDemoApp.swift; sourceTree = "<group>"; };
		E8A4C3E827DB571200469867 /* LoginView.swift */ = {isa = PBXFileReference; lastKnownFileType = sourcecode.swift; path = LoginView.swift; sourceTree = "<group>"; };
		E8A4C3EA27DB571300469867 /* Assets.xcassets */ = {isa = PBXFileReference; lastKnownFileType = folder.assetcatalog; path = Assets.xcassets; sourceTree = "<group>"; };
		E8A4C3ED27DB571300469867 /* Preview Assets.xcassets */ = {isa = PBXFileReference; lastKnownFileType = folder.assetcatalog; path = "Preview Assets.xcassets"; sourceTree = "<group>"; };
		E8A4C3F427DC94F100469867 /* RegisterAcccountView.swift */ = {isa = PBXFileReference; lastKnownFileType = sourcecode.swift; path = RegisterAcccountView.swift; sourceTree = "<group>"; };
		E8A4C3F627DC9CFA00469867 /* Keys.swift */ = {isa = PBXFileReference; lastKnownFileType = sourcecode.swift; path = Keys.swift; sourceTree = "<group>"; };
		E8A4C3F827DC9F7900469867 /* MediaCatalogueCellView.swift */ = {isa = PBXFileReference; lastKnownFileType = sourcecode.swift; path = MediaCatalogueCellView.swift; sourceTree = "<group>"; };
		E8A4C3FC27DCC10400469867 /* User.swift */ = {isa = PBXFileReference; lastKnownFileType = sourcecode.swift; path = User.swift; sourceTree = "<group>"; };
		E8A4C3FE27DCC21F00469867 /* MediaContent.swift */ = {isa = PBXFileReference; lastKnownFileType = sourcecode.swift; path = MediaContent.swift; sourceTree = "<group>"; };
		E8A4C40127DCC4E200469867 /* NetworkRequestService.swift */ = {isa = PBXFileReference; lastKnownFileType = sourcecode.swift; path = NetworkRequestService.swift; sourceTree = "<group>"; };
		E8A4C40327DCE3E800469867 /* AuthService.swift */ = {isa = PBXFileReference; lastKnownFileType = sourcecode.swift; path = AuthService.swift; sourceTree = "<group>"; };
		E8A4C40527DCED8500469867 /* NetworkRequestErrors.swift */ = {isa = PBXFileReference; lastKnownFileType = sourcecode.swift; path = NetworkRequestErrors.swift; sourceTree = "<group>"; };
		E8A4C40827DD020E00469867 /* LoginViewModel.swift */ = {isa = PBXFileReference; lastKnownFileType = sourcecode.swift; path = LoginViewModel.swift; sourceTree = "<group>"; };
		E8A4C40D27DD152700469867 /* HomeView.swift */ = {isa = PBXFileReference; lastKnownFileType = sourcecode.swift; path = HomeView.swift; sourceTree = "<group>"; };
		E8A4C40F27DD200200469867 /* RegisterAccountViewModel.swift */ = {isa = PBXFileReference; lastKnownFileType = sourcecode.swift; path = RegisterAccountViewModel.swift; sourceTree = "<group>"; };
		E8A4C41127DD236E00469867 /* RequestBody.swift */ = {isa = PBXFileReference; lastKnownFileType = sourcecode.swift; path = RequestBody.swift; sourceTree = "<group>"; };
		E8A4C41427DD276900469867 /* Logging.swift */ = {isa = PBXFileReference; lastKnownFileType = sourcecode.swift; path = Logging.swift; sourceTree = "<group>"; };
		E8A4C41627DDD85D00469867 /* HomeViewModel.swift */ = {isa = PBXFileReference; lastKnownFileType = sourcecode.swift; path = HomeViewModel.swift; sourceTree = "<group>"; };
/* End PBXFileReference section */

/* Begin PBXFrameworksBuildPhase section */
		E8A4C3E027DB571200469867 /* Frameworks */ = {
			isa = PBXFrameworksBuildPhase;
			buildActionMask = 2147483647;
			files = (
			);
			runOnlyForDeploymentPostprocessing = 0;
		};
/* End PBXFrameworksBuildPhase section */

/* Begin PBXGroup section */
		E8A4C3DA27DB571200469867 = {
			isa = PBXGroup;
			children = (
				E8A4C3E527DB571200469867 /* PlaySafeDemo */,
				E8A4C3E427DB571200469867 /* Products */,
			);
			sourceTree = "<group>";
		};
		E8A4C3E427DB571200469867 /* Products */ = {
			isa = PBXGroup;
			children = (
				E8A4C3E327DB571200469867 /* PlaySafeDemo.app */,
			);
			name = Products;
			sourceTree = "<group>";
		};
		E8A4C3E527DB571200469867 /* PlaySafeDemo */ = {
			isa = PBXGroup;
			children = (
				E8A4C41327DD275C00469867 /* Utils */,
				E8A4C40027DCC3A100469867 /* Services */,
				E8A4C3FB27DCC0EB00469867 /* Models */,
				E8A4C3FA27DCC0D400469867 /* Views */,
				E8A4C40B27DD023D00469867 /* ReusableViews */,
				E8A4C3E627DB571200469867 /* PlaySafeDemoApp.swift */,
				E8A4C3EA27DB571300469867 /* Assets.xcassets */,
				E8A4C3EC27DB571300469867 /* Preview Content */,
			);
			path = PlaySafeDemo;
			sourceTree = "<group>";
		};
		E8A4C3EC27DB571300469867 /* Preview Content */ = {
			isa = PBXGroup;
			children = (
				E8A4C3ED27DB571300469867 /* Preview Assets.xcassets */,
			);
			path = "Preview Content";
			sourceTree = "<group>";
		};
		E8A4C3FA27DCC0D400469867 /* Views */ = {
			isa = PBXGroup;
			children = (
				E8A4C40C27DD150E00469867 /* Home */,
				E8A4C40A27DD021800469867 /* RegisterAccount */,
				E8A4C40727DD01F900469867 /* Login */,
			);
			path = Views;
			sourceTree = "<group>";
		};
		E8A4C3FB27DCC0EB00469867 /* Models */ = {
			isa = PBXGroup;
			children = (
				E8A4C3FC27DCC10400469867 /* User.swift */,
				E8A4C3FE27DCC21F00469867 /* MediaContent.swift */,
				E8A4C3F627DC9CFA00469867 /* Keys.swift */,
				E8A4C41127DD236E00469867 /* RequestBody.swift */,
				E811282A2802DD9E002D18F8 /* ErrorMessage.swift */,
			);
			path = Models;
			sourceTree = "<group>";
		};
		E8A4C40027DCC3A100469867 /* Services */ = {
			isa = PBXGroup;
			children = (
				E8A4C40127DCC4E200469867 /* NetworkRequestService.swift */,
				E8A4C40327DCE3E800469867 /* AuthService.swift */,
				E8A4C40527DCED8500469867 /* NetworkRequestErrors.swift */,
			);
			path = Services;
			sourceTree = "<group>";
		};
		E8A4C40727DD01F900469867 /* Login */ = {
			isa = PBXGroup;
			children = (
				E8A4C3E827DB571200469867 /* LoginView.swift */,
				E8A4C40827DD020E00469867 /* LoginViewModel.swift */,
			);
			path = Login;
			sourceTree = "<group>";
		};
		E8A4C40A27DD021800469867 /* RegisterAccount */ = {
			isa = PBXGroup;
			children = (
				E8A4C3F427DC94F100469867 /* RegisterAcccountView.swift */,
				E8A4C40F27DD200200469867 /* RegisterAccountViewModel.swift */,
			);
			path = RegisterAccount;
			sourceTree = "<group>";
		};
		E8A4C40B27DD023D00469867 /* ReusableViews */ = {
			isa = PBXGroup;
			children = (
				E8A4C3F827DC9F7900469867 /* MediaCatalogueCellView.swift */,
			);
			path = ReusableViews;
			sourceTree = "<group>";
		};
		E8A4C40C27DD150E00469867 /* Home */ = {
			isa = PBXGroup;
			children = (
				E8A4C40D27DD152700469867 /* HomeView.swift */,
				E8A4C41627DDD85D00469867 /* HomeViewModel.swift */,
			);
			path = Home;
			sourceTree = "<group>";
		};
		E8A4C41327DD275C00469867 /* Utils */ = {
			isa = PBXGroup;
			children = (
				E8A4C41427DD276900469867 /* Logging.swift */,
			);
			path = Utils;
			sourceTree = "<group>";
		};
/* End PBXGroup section */

/* Begin PBXNativeTarget section */
		E8A4C3E227DB571200469867 /* PlaySafeDemo */ = {
			isa = PBXNativeTarget;
			buildConfigurationList = E8A4C3F127DB571300469867 /* Build configuration list for PBXNativeTarget "PlaySafeDemo" */;
			buildPhases = (
				E8A4C3DF27DB571200469867 /* Sources */,
				E8A4C3E027DB571200469867 /* Frameworks */,
				E8A4C3E127DB571200469867 /* Resources */,
			);
			buildRules = (
			);
			dependencies = (
			);
			name = PlaySafeDemo;
			productName = PlaySafeDemo;
			productReference = E8A4C3E327DB571200469867 /* PlaySafeDemo.app */;
			productType = "com.apple.product-type.application";
		};
/* End PBXNativeTarget section */

/* Begin PBXProject section */
		E8A4C3DB27DB571200469867 /* Project object */ = {
			isa = PBXProject;
			attributes = {
				BuildIndependentTargetsInParallel = 1;
				LastSwiftUpdateCheck = 1320;
				LastUpgradeCheck = 1320;
				TargetAttributes = {
					E8A4C3E227DB571200469867 = {
						CreatedOnToolsVersion = 13.2.1;
					};
				};
			};
			buildConfigurationList = E8A4C3DE27DB571200469867 /* Build configuration list for PBXProject "PlaySafeDemo" */;
			compatibilityVersion = "Xcode 13.0";
			developmentRegion = en;
			hasScannedForEncodings = 0;
			knownRegions = (
				en,
				Base,
			);
			mainGroup = E8A4C3DA27DB571200469867;
			productRefGroup = E8A4C3E427DB571200469867 /* Products */;
			projectDirPath = "";
			projectRoot = "";
			targets = (
				E8A4C3E227DB571200469867 /* PlaySafeDemo */,
			);
		};
/* End PBXProject section */

/* Begin PBXResourcesBuildPhase section */
		E8A4C3E127DB571200469867 /* Resources */ = {
			isa = PBXResourcesBuildPhase;
			buildActionMask = 2147483647;
			files = (
				E8A4C3EE27DB571300469867 /* Preview Assets.xcassets in Resources */,
				E8A4C3EB27DB571300469867 /* Assets.xcassets in Resources */,
			);
			runOnlyForDeploymentPostprocessing = 0;
		};
/* End PBXResourcesBuildPhase section */

/* Begin PBXSourcesBuildPhase section */
		E8A4C3DF27DB571200469867 /* Sources */ = {
			isa = PBXSourcesBuildPhase;
			buildActionMask = 2147483647;
			files = (
				E8A4C3F527DC94F100469867 /* RegisterAcccountView.swift in Sources */,
				E8A4C41527DD276900469867 /* Logging.swift in Sources */,
				E8A4C3F727DC9CFA00469867 /* Keys.swift in Sources */,
				E8A4C41727DDD85D00469867 /* HomeViewModel.swift in Sources */,
				E8A4C40927DD020E00469867 /* LoginViewModel.swift in Sources */,
				E8A4C3FF27DCC21F00469867 /* MediaContent.swift in Sources */,
				E8A4C40427DCE3E800469867 /* AuthService.swift in Sources */,
				E8A4C41227DD236E00469867 /* RequestBody.swift in Sources */,
				E8A4C3FD27DCC10400469867 /* User.swift in Sources */,
				E8A4C3E927DB571200469867 /* LoginView.swift in Sources */,
				E8A4C40227DCC4E200469867 /* NetworkRequestService.swift in Sources */,
				E811282B2802DD9E002D18F8 /* ErrorMessage.swift in Sources */,
				E8A4C40627DCED8500469867 /* NetworkRequestErrors.swift in Sources */,
				E8A4C40E27DD152700469867 /* HomeView.swift in Sources */,
				E8A4C3F927DC9F7900469867 /* MediaCatalogueCellView.swift in Sources */,
				E8A4C3E727DB571200469867 /* PlaySafeDemoApp.swift in Sources */,
				E8A4C41027DD200200469867 /* RegisterAccountViewModel.swift in Sources */,
			);
			runOnlyForDeploymentPostprocessing = 0;
		};
/* End PBXSourcesBuildPhase section */

/* Begin XCBuildConfiguration section */
		E8A4C3EF27DB571300469867 /* Debug */ = {
			isa = XCBuildConfiguration;
			buildSettings = {
				ALWAYS_SEARCH_USER_PATHS = NO;
				CLANG_ANALYZER_NONNULL = YES;
				CLANG_ANALYZER_NUMBER_OBJECT_CONVERSION = YES_AGGRESSIVE;
				CLANG_CXX_LANGUAGE_STANDARD = "gnu++17";
				CLANG_CXX_LIBRARY = "libc++";
				CLANG_ENABLE_MODULES = YES;
				CLANG_ENABLE_OBJC_ARC = YES;
				CLANG_ENABLE_OBJC_WEAK = YES;
				CLANG_WARN_BLOCK_CAPTURE_AUTORELEASING = YES;
				CLANG_WARN_BOOL_CONVERSION = YES;
				CLANG_WARN_COMMA = YES;
				CLANG_WARN_CONSTANT_CONVERSION = YES;
				CLANG_WARN_DEPRECATED_OBJC_IMPLEMENTATIONS = YES;
				CLANG_WARN_DIRECT_OBJC_ISA_USAGE = YES_ERROR;
				CLANG_WARN_DOCUMENTATION_COMMENTS = YES;
				CLANG_WARN_EMPTY_BODY = YES;
				CLANG_WARN_ENUM_CONVERSION = YES;
				CLANG_WARN_INFINITE_RECURSION = YES;
				CLANG_WARN_INT_CONVERSION = YES;
				CLANG_WARN_NON_LITERAL_NULL_CONVERSION = YES;
				CLANG_WARN_OBJC_IMPLICIT_RETAIN_SELF = YES;
				CLANG_WARN_OBJC_LITERAL_CONVERSION = YES;
				CLANG_WARN_OBJC_ROOT_CLASS = YES_ERROR;
				CLANG_WARN_QUOTED_INCLUDE_IN_FRAMEWORK_HEADER = YES;
				CLANG_WARN_RANGE_LOOP_ANALYSIS = YES;
				CLANG_WARN_STRICT_PROTOTYPES = YES;
				CLANG_WARN_SUSPICIOUS_MOVE = YES;
				CLANG_WARN_UNGUARDED_AVAILABILITY = YES_AGGRESSIVE;
				CLANG_WARN_UNREACHABLE_CODE = YES;
				CLANG_WARN__DUPLICATE_METHOD_MATCH = YES;
				COPY_PHASE_STRIP = NO;
				DEBUG_INFORMATION_FORMAT = dwarf;
				ENABLE_STRICT_OBJC_MSGSEND = YES;
				ENABLE_TESTABILITY = YES;
				GCC_C_LANGUAGE_STANDARD = gnu11;
				GCC_DYNAMIC_NO_PIC = NO;
				GCC_NO_COMMON_BLOCKS = YES;
				GCC_OPTIMIZATION_LEVEL = 0;
				GCC_PREPROCESSOR_DEFINITIONS = (
					"DEBUG=1",
					"$(inherited)",
				);
				GCC_WARN_64_TO_32_BIT_CONVERSION = YES;
				GCC_WARN_ABOUT_RETURN_TYPE = YES_ERROR;
				GCC_WARN_UNDECLARED_SELECTOR = YES;
				GCC_WARN_UNINITIALIZED_AUTOS = YES_AGGRESSIVE;
				GCC_WARN_UNUSED_FUNCTION = YES;
				GCC_WARN_UNUSED_VARIABLE = YES;
				IPHONEOS_DEPLOYMENT_TARGET = 15.2;
				MTL_ENABLE_DEBUG_INFO = INCLUDE_SOURCE;
				MTL_FAST_MATH = YES;
				ONLY_ACTIVE_ARCH = YES;
				SDKROOT = iphoneos;
				SWIFT_ACTIVE_COMPILATION_CONDITIONS = DEBUG;
				SWIFT_OPTIMIZATION_LEVEL = "-Onone";
			};
			name = Debug;
		};
		E8A4C3F027DB571300469867 /* Release */ = {
			isa = XCBuildConfiguration;
			buildSettings = {
				ALWAYS_SEARCH_USER_PATHS = NO;
				CLANG_ANALYZER_NONNULL = YES;
				CLANG_ANALYZER_NUMBER_OBJECT_CONVERSION = YES_AGGRESSIVE;
				CLANG_CXX_LANGUAGE_STANDARD = "gnu++17";
				CLANG_CXX_LIBRARY = "libc++";
				CLANG_ENABLE_MODULES = YES;
				CLANG_ENABLE_OBJC_ARC = YES;
				CLANG_ENABLE_OBJC_WEAK = YES;
				CLANG_WARN_BLOCK_CAPTURE_AUTORELEASING = YES;
				CLANG_WARN_BOOL_CONVERSION = YES;
				CLANG_WARN_COMMA = YES;
				CLANG_WARN_CONSTANT_CONVERSION = YES;
				CLANG_WARN_DEPRECATED_OBJC_IMPLEMENTATIONS = YES;
				CLANG_WARN_DIRECT_OBJC_ISA_USAGE = YES_ERROR;
				CLANG_WARN_DOCUMENTATION_COMMENTS = YES;
				CLANG_WARN_EMPTY_BODY = YES;
				CLANG_WARN_ENUM_CONVERSION = YES;
				CLANG_WARN_INFINITE_RECURSION = YES;
				CLANG_WARN_INT_CONVERSION = YES;
				CLANG_WARN_NON_LITERAL_NULL_CONVERSION = YES;
				CLANG_WARN_OBJC_IMPLICIT_RETAIN_SELF = YES;
				CLANG_WARN_OBJC_LITERAL_CONVERSION = YES;
				CLANG_WARN_OBJC_ROOT_CLASS = YES_ERROR;
				CLANG_WARN_QUOTED_INCLUDE_IN_FRAMEWORK_HEADER = YES;
				CLANG_WARN_RANGE_LOOP_ANALYSIS = YES;
				CLANG_WARN_STRICT_PROTOTYPES = YES;
				CLANG_WARN_SUSPICIOUS_MOVE = YES;
				CLANG_WARN_UNGUARDED_AVAILABILITY = YES_AGGRESSIVE;
				CLANG_WARN_UNREACHABLE_CODE = YES;
				CLANG_WARN__DUPLICATE_METHOD_MATCH = YES;
				COPY_PHASE_STRIP = NO;
				DEBUG_INFORMATION_FORMAT = "dwarf-with-dsym";
				ENABLE_NS_ASSERTIONS = NO;
				ENABLE_STRICT_OBJC_MSGSEND = YES;
				GCC_C_LANGUAGE_STANDARD = gnu11;
				GCC_NO_COMMON_BLOCKS = YES;
				GCC_WARN_64_TO_32_BIT_CONVERSION = YES;
				GCC_WARN_ABOUT_RETURN_TYPE = YES_ERROR;
				GCC_WARN_UNDECLARED_SELECTOR = YES;
				GCC_WARN_UNINITIALIZED_AUTOS = YES_AGGRESSIVE;
				GCC_WARN_UNUSED_FUNCTION = YES;
				GCC_WARN_UNUSED_VARIABLE = YES;
				IPHONEOS_DEPLOYMENT_TARGET = 15.2;
				MTL_ENABLE_DEBUG_INFO = NO;
				MTL_FAST_MATH = YES;
				SDKROOT = iphoneos;
				SWIFT_COMPILATION_MODE = wholemodule;
				SWIFT_OPTIMIZATION_LEVEL = "-O";
				VALIDATE_PRODUCT = YES;
			};
			name = Release;
		};
		E8A4C3F227DB571300469867 /* Debug */ = {
			isa = XCBuildConfiguration;
			buildSettings = {
				ASSETCATALOG_COMPILER_APPICON_NAME = AppIcon;
				ASSETCATALOG_COMPILER_GLOBAL_ACCENT_COLOR_NAME = AccentColor;
				CODE_SIGN_STYLE = Automatic;
				CURRENT_PROJECT_VERSION = 1;
				DEVELOPMENT_ASSET_PATHS = "\"PlaySafeDemo/Preview Content\"";
				DEVELOPMENT_TEAM = U977W89VXU;
				ENABLE_PREVIEWS = YES;
				GENERATE_INFOPLIST_FILE = YES;
				INFOPLIST_KEY_UIApplicationSceneManifest_Generation = YES;
				INFOPLIST_KEY_UIApplicationSupportsIndirectInputEvents = YES;
				INFOPLIST_KEY_UILaunchScreen_Generation = YES;
				INFOPLIST_KEY_UISupportedInterfaceOrientations_iPad = "UIInterfaceOrientationPortrait UIInterfaceOrientationPortraitUpsideDown UIInterfaceOrientationLandscapeLeft UIInterfaceOrientationLandscapeRight";
				INFOPLIST_KEY_UISupportedInterfaceOrientations_iPhone = "UIInterfaceOrientationPortrait UIInterfaceOrientationLandscapeLeft UIInterfaceOrientationLandscapeRight";
				LD_RUNPATH_SEARCH_PATHS = (
					"$(inherited)",
					"@executable_path/Frameworks",
				);
				MARKETING_VERSION = 1.0;
				PRODUCT_BUNDLE_IDENTIFIER = com.playsafe.PlaySafeDemo;
				PRODUCT_NAME = "$(TARGET_NAME)";
				SWIFT_EMIT_LOC_STRINGS = YES;
				SWIFT_VERSION = 5.0;
				TARGETED_DEVICE_FAMILY = "1,2";
			};
			name = Debug;
		};
		E8A4C3F327DB571300469867 /* Release */ = {
			isa = XCBuildConfiguration;
			buildSettings = {
				ASSETCATALOG_COMPILER_APPICON_NAME = AppIcon;
				ASSETCATALOG_COMPILER_GLOBAL_ACCENT_COLOR_NAME = AccentColor;
				CODE_SIGN_STYLE = Automatic;
				CURRENT_PROJECT_VERSION = 1;
				DEVELOPMENT_ASSET_PATHS = "\"PlaySafeDemo/Preview Content\"";
				DEVELOPMENT_TEAM = U977W89VXU;
				ENABLE_PREVIEWS = YES;
				GENERATE_INFOPLIST_FILE = YES;
				INFOPLIST_KEY_UIApplicationSceneManifest_Generation = YES;
				INFOPLIST_KEY_UIApplicationSupportsIndirectInputEvents = YES;
				INFOPLIST_KEY_UILaunchScreen_Generation = YES;
				INFOPLIST_KEY_UISupportedInterfaceOrientations_iPad = "UIInterfaceOrientationPortrait UIInterfaceOrientationPortraitUpsideDown UIInterfaceOrientationLandscapeLeft UIInterfaceOrientationLandscapeRight";
				INFOPLIST_KEY_UISupportedInterfaceOrientations_iPhone = "UIInterfaceOrientationPortrait UIInterfaceOrientationLandscapeLeft UIInterfaceOrientationLandscapeRight";
				LD_RUNPATH_SEARCH_PATHS = (
					"$(inherited)",
					"@executable_path/Frameworks",
				);
				MARKETING_VERSION = 1.0;
				PRODUCT_BUNDLE_IDENTIFIER = com.playsafe.PlaySafeDemo;
				PRODUCT_NAME = "$(TARGET_NAME)";
				SWIFT_EMIT_LOC_STRINGS = YES;
				SWIFT_VERSION = 5.0;
				TARGETED_DEVICE_FAMILY = "1,2";
			};
			name = Release;
		};
/* End XCBuildConfiguration section */

/* Begin XCConfigurationList section */
		E8A4C3DE27DB571200469867 /* Build configuration list for PBXProject "PlaySafeDemo" */ = {
			isa = XCConfigurationList;
			buildConfigurations = (
				E8A4C3EF27DB571300469867 /* Debug */,
				E8A4C3F027DB571300469867 /* Release */,
			);
			defaultConfigurationIsVisible = 0;
			defaultConfigurationName = Release;
		};
		E8A4C3F127DB571300469867 /* Build configuration list for PBXNativeTarget "PlaySafeDemo" */ = {
			isa = XCConfigurationList;
			buildConfigurations = (
				E8A4C3F227DB571300469867 /* Debug */,
				E8A4C3F327DB571300469867 /* Release */,
			);
			defaultConfigurationIsVisible = 0;
			defaultConfigurationName = Release;
		};
/* End XCConfigurationList section */
	};
	rootObject = E8A4C3DB27DB571200469867 /* Project object */;
}
